{
	"name": "@uniqys/easy-client",
	"version": "0.2.0",
	"lockfileVersion": 1,
	"requires": true,
	"dependencies": {
		"@types/web3": {
			"version": "1.0.18",
			"resolved": "https://registry.npmjs.org/@types/web3/-/web3-1.0.18.tgz",
			"integrity": "sha512-uXQL0LDszt2f476LEmYM6AvSv9F4vU4hWQvlUhwfLHNlIB6OyBXoYsCzWAIhhnc5U0HA7ZBcPybxRJ/yfA6THg==",
			"dev": true,
			"requires": {
				"@types/bn.js": "*",
				"@types/underscore": "*"
			},
			"dependencies": {
				"@types/bn.js": {
					"version": "4.11.4",
					"resolved": "https://registry.npmjs.org/@types/bn.js/-/bn.js-4.11.4.tgz",
					"integrity": "sha512-AO8WW+aRcKWKQAYTfKLzwnpL6U+TfPqS+haRrhCy5ff04Da8WZud3ZgVjspQXaEXJDcTlsjUEVvL39wegDek5w==",
					"dev": true,
					"requires": {
						"@types/node": "*"
					}
				},
				"@types/node": {
					"version": "11.11.1",
					"resolved": "https://registry.npmjs.org/@types/node/-/node-11.11.1.tgz",
					"integrity": "sha512-2azXFP9n4aA2QNLkKm/F9pzKxgYj1SMawZ5Eh9iC21RH3XNcFsivLVU2NhpMgQm7YobSByvIol4c42ZFusXFHQ==",
					"dev": true
				},
				"@types/underscore": {
					"version": "1.8.13",
					"resolved": "https://registry.npmjs.org/@types/underscore/-/underscore-1.8.13.tgz",
					"integrity": "sha512-2YEdDHTYAv3YmSoQofzFnlWYDAAtMtVcQ0lOHoURuCt1aT9OgxhhjRRU1WVAiLchNWM7B3a8/iomxenfr9TwKA==",
					"dev": true
				}
			}
		}
	}
}
